// !$*UTF8*$!
{
	archiveVersion = 1;
	classes = {
	};
	objectVersion = 56;
	objects = {

/* Begin PBXBuildFile section */
		C3C6EB4029C8D32A006BBF41 /* MyTwitterApp.swift in Sources */ = {isa = PBXBuildFile; fileRef = C3C6EB3F29C8D32A006BBF41 /* MyTwitterApp.swift */; };
		C3C6EB4229C8D32A006BBF41 /* ContentView.swift in Sources */ = {isa = PBXBuildFile; fileRef = C3C6EB4129C8D32A006BBF41 /* ContentView.swift */; };
		C3C6EB4429C8D32C006BBF41 /* Assets.xcassets in Resources */ = {isa = PBXBuildFile; fileRef = C3C6EB4329C8D32C006BBF41 /* Assets.xcassets */; };
		C3C6EB4729C8D32C006BBF41 /* Preview Assets.xcassets in Resources */ = {isa = PBXBuildFile; fileRef = C3C6EB4629C8D32C006BBF41 /* Preview Assets.xcassets */; };
		C3C6EB5129C8D32C006BBF41 /* MyTwitterTests.swift in Sources */ = {isa = PBXBuildFile; fileRef = C3C6EB5029C8D32C006BBF41 /* MyTwitterTests.swift */; };
		C3C6EB5B29C8D32C006BBF41 /* MyTwitterUITests.swift in Sources */ = {isa = PBXBuildFile; fileRef = C3C6EB5A29C8D32C006BBF41 /* MyTwitterUITests.swift */; };
		C3C6EB5D29C8D32C006BBF41 /* MyTwitterUITestsLaunchTests.swift in Sources */ = {isa = PBXBuildFile; fileRef = C3C6EB5C29C8D32C006BBF41 /* MyTwitterUITestsLaunchTests.swift */; };
		C3C6EB6A29C8D36A006BBF41 /* SideMenuView.swift in Sources */ = {isa = PBXBuildFile; fileRef = C3C6EB6929C8D36A006BBF41 /* SideMenuView.swift */; };
		C3C6EB6E29C8D5AA006BBF41 /* MainView.swift in Sources */ = {isa = PBXBuildFile; fileRef = C3C6EB6D29C8D5AA006BBF41 /* MainView.swift */; };
		C3C6EB7029C8D5FC006BBF41 /* TimelineView.swift in Sources */ = {isa = PBXBuildFile; fileRef = C3C6EB6F29C8D5FC006BBF41 /* TimelineView.swift */; };
		C3C6EBE229C8F2F0006BBF41 /* TimelineViewBottom.swift in Sources */ = {isa = PBXBuildFile; fileRef = C3C6EBE129C8F2F0006BBF41 /* TimelineViewBottom.swift */; };
		C3C6EBE429C8FA88006BBF41 /* TimelineData.swift in Sources */ = {isa = PBXBuildFile; fileRef = C3C6EBE329C8FA88006BBF41 /* TimelineData.swift */; };
/* End PBXBuildFile section */

/* Begin PBXContainerItemProxy section */
		C3C6EB4D29C8D32C006BBF41 /* PBXContainerItemProxy */ = {
			isa = PBXContainerItemProxy;
			containerPortal = C3C6EB3429C8D32A006BBF41 /* Project object */;
			proxyType = 1;
			remoteGlobalIDString = C3C6EB3B29C8D32A006BBF41;
			remoteInfo = MyTwitter;
		};
		C3C6EB5729C8D32C006BBF41 /* PBXContainerItemProxy */ = {
			isa = PBXContainerItemProxy;
			containerPortal = C3C6EB3429C8D32A006BBF41 /* Project object */;
			proxyType = 1;
			remoteGlobalIDString = C3C6EB3B29C8D32A006BBF41;
			remoteInfo = MyTwitter;
		};
/* End PBXContainerItemProxy section */

/* Begin PBXFileReference section */
		C3C6EB3C29C8D32A006BBF41 /* MyTwitter.app */ = {isa = PBXFileReference; explicitFileType = wrapper.application; includeInIndex = 0; path = MyTwitter.app; sourceTree = BUILT_PRODUCTS_DIR; };
		C3C6EB3F29C8D32A006BBF41 /* MyTwitterApp.swift */ = {isa = PBXFileReference; lastKnownFileType = sourcecode.swift; path = MyTwitterApp.swift; sourceTree = "<group>"; };
		C3C6EB4129C8D32A006BBF41 /* ContentView.swift */ = {isa = PBXFileReference; lastKnownFileType = sourcecode.swift; path = ContentView.swift; sourceTree = "<group>"; };
		C3C6EB4329C8D32C006BBF41 /* Assets.xcassets */ = {isa = PBXFileReference; lastKnownFileType = folder.assetcatalog; path = Assets.xcassets; sourceTree = "<group>"; };
		C3C6EB4629C8D32C006BBF41 /* Preview Assets.xcassets */ = {isa = PBXFileReference; lastKnownFileType = folder.assetcatalog; path = "Preview Assets.xcassets"; sourceTree = "<group>"; };
		C3C6EB4C29C8D32C006BBF41 /* MyTwitterTests.xctest */ = {isa = PBXFileReference; explicitFileType = wrapper.cfbundle; includeInIndex = 0; path = MyTwitterTests.xctest; sourceTree = BUILT_PRODUCTS_DIR; };
		C3C6EB5029C8D32C006BBF41 /* MyTwitterTests.swift */ = {isa = PBXFileReference; lastKnownFileType = sourcecode.swift; path = MyTwitterTests.swift; sourceTree = "<group>"; };
		C3C6EB5629C8D32C006BBF41 /* MyTwitterUITests.xctest */ = {isa = PBXFileReference; explicitFileType = wrapper.cfbundle; includeInIndex = 0; path = MyTwitterUITests.xctest; sourceTree = BUILT_PRODUCTS_DIR; };
		C3C6EB5A29C8D32C006BBF41 /* MyTwitterUITests.swift */ = {isa = PBXFileReference; lastKnownFileType = sourcecode.swift; path = MyTwitterUITests.swift; sourceTree = "<group>"; };
		C3C6EB5C29C8D32C006BBF41 /* MyTwitterUITestsLaunchTests.swift */ = {isa = PBXFileReference; lastKnownFileType = sourcecode.swift; path = MyTwitterUITestsLaunchTests.swift; sourceTree = "<group>"; };
		C3C6EB6929C8D36A006BBF41 /* SideMenuView.swift */ = {isa = PBXFileReference; lastKnownFileType = sourcecode.swift; path = SideMenuView.swift; sourceTree = "<group>"; };
		C3C6EB6D29C8D5AA006BBF41 /* MainView.swift */ = {isa = PBXFileReference; lastKnownFileType = sourcecode.swift; path = MainView.swift; sourceTree = "<group>"; };
		C3C6EB6F29C8D5FC006BBF41 /* TimelineView.swift */ = {isa = PBXFileReference; lastKnownFileType = sourcecode.swift; path = TimelineView.swift; sourceTree = "<group>"; };
		C3C6EBE129C8F2F0006BBF41 /* TimelineViewBottom.swift */ = {isa = PBXFileReference; lastKnownFileType = sourcecode.swift; path = TimelineViewBottom.swift; sourceTree = "<group>"; };
		C3C6EBE329C8FA88006BBF41 /* TimelineData.swift */ = {isa = PBXFileReference; lastKnownFileType = sourcecode.swift; path = TimelineData.swift; sourceTree = "<group>"; };
/* End PBXFileReference section */

/* Begin PBXFrameworksBuildPhase section */
		C3C6EB3929C8D32A006BBF41 /* Frameworks */ = {
			isa = PBXFrameworksBuildPhase;
			buildActionMask = 2147483647;
			files = (
			);
			runOnlyForDeploymentPostprocessing = 0;
		};
		C3C6EB4929C8D32C006BBF41 /* Frameworks */ = {
			isa = PBXFrameworksBuildPhase;
			buildActionMask = 2147483647;
			files = (
			);
			runOnlyForDeploymentPostprocessing = 0;
		};
		C3C6EB5329C8D32C006BBF41 /* Frameworks */ = {
			isa = PBXFrameworksBuildPhase;
			buildActionMask = 2147483647;
			files = (
			);
			runOnlyForDeploymentPostprocessing = 0;
		};
/* End PBXFrameworksBuildPhase section */

/* Begin PBXGroup section */
		C3C6EB3329C8D32A006BBF41 = {
			isa = PBXGroup;
			children = (
				C3C6EB3E29C8D32A006BBF41 /* MyTwitter */,
				C3C6EB4F29C8D32C006BBF41 /* MyTwitterTests */,
				C3C6EB5929C8D32C006BBF41 /* MyTwitterUITests */,
				C3C6EB3D29C8D32A006BBF41 /* Products */,
			);
			sourceTree = "<group>";
		};
		C3C6EB3D29C8D32A006BBF41 /* Products */ = {
			isa = PBXGroup;
			children = (
				C3C6EB3C29C8D32A006BBF41 /* MyTwitter.app */,
				C3C6EB4C29C8D32C006BBF41 /* MyTwitterTests.xctest */,
				C3C6EB5629C8D32C006BBF41 /* MyTwitterUITests.xctest */,
			);
			name = Products;
			sourceTree = "<group>";
		};
		C3C6EB3E29C8D32A006BBF41 /* MyTwitter */ = {
			isa = PBXGroup;
			children = (
				C3C6EBE729C8FBA6006BBF41 /* View */,
				C3C6EBE629C8FB16006BBF41 /* ViewModel */,
				C3C6EBE529C8FAD5006BBF41 /* Model */,
				C3C6EB4329C8D32C006BBF41 /* Assets.xcassets */,
				C3C6EB4529C8D32C006BBF41 /* Preview Content */,
			);
			path = MyTwitter;
			sourceTree = "<group>";
		};
		C3C6EB4529C8D32C006BBF41 /* Preview Content */ = {
			isa = PBXGroup;
			children = (
				C3C6EB4629C8D32C006BBF41 /* Preview Assets.xcassets */,
			);
			path = "Preview Content";
			sourceTree = "<group>";
		};
		C3C6EB4F29C8D32C006BBF41 /* MyTwitterTests */ = {
			isa = PBXGroup;
			children = (
				C3C6EB5029C8D32C006BBF41 /* MyTwitterTests.swift */,
			);
			path = MyTwitterTests;
			sourceTree = "<group>";
		};
		C3C6EB5929C8D32C006BBF41 /* MyTwitterUITests */ = {
			isa = PBXGroup;
			children = (
				C3C6EB5A29C8D32C006BBF41 /* MyTwitterUITests.swift */,
				C3C6EB5C29C8D32C006BBF41 /* MyTwitterUITestsLaunchTests.swift */,
			);
			path = MyTwitterUITests;
			sourceTree = "<group>";
		};
		C3C6EBE529C8FAD5006BBF41 /* Model */ = {
			isa = PBXGroup;
			children = (
				C3C6EBE329C8FA88006BBF41 /* TimelineData.swift */,
			);
			path = Model;
			sourceTree = "<group>";
		};
		C3C6EBE629C8FB16006BBF41 /* ViewModel */ = {
			isa = PBXGroup;
			children = (
				C3C6EB6D29C8D5AA006BBF41 /* MainView.swift */,
				C3C6EB6F29C8D5FC006BBF41 /* TimelineView.swift */,
			);
			path = ViewModel;
			sourceTree = "<group>";
		};
		C3C6EBE729C8FBA6006BBF41 /* View */ = {
			isa = PBXGroup;
			children = (
				C3C6EB3F29C8D32A006BBF41 /* MyTwitterApp.swift */,
				C3C6EB4129C8D32A006BBF41 /* ContentView.swift */,
				C3C6EB6929C8D36A006BBF41 /* SideMenuView.swift */,
				C3C6EBE129C8F2F0006BBF41 /* TimelineViewBottom.swift */,
			);
			path = View;
			sourceTree = "<group>";
		};
/* End PBXGroup section */

/* Begin PBXNativeTarget section */
		C3C6EB3B29C8D32A006BBF41 /* MyTwitter */ = {
			isa = PBXNativeTarget;
			buildConfigurationList = C3C6EB6029C8D32C006BBF41 /* Build configuration list for PBXNativeTarget "MyTwitter" */;
			buildPhases = (
				C3C6EB3829C8D32A006BBF41 /* Sources */,
				C3C6EB3929C8D32A006BBF41 /* Frameworks */,
				C3C6EB3A29C8D32A006BBF41 /* Resources */,
			);
			buildRules = (
			);
			dependencies = (
			);
			name = MyTwitter;
			productName = MyTwitter;
			productReference = C3C6EB3C29C8D32A006BBF41 /* MyTwitter.app */;
			productType = "com.apple.product-type.application";
		};
		C3C6EB4B29C8D32C006BBF41 /* MyTwitterTests */ = {
			isa = PBXNativeTarget;
			buildConfigurationList = C3C6EB6329C8D32C006BBF41 /* Build configuration list for PBXNativeTarget "MyTwitterTests" */;
			buildPhases = (
				C3C6EB4829C8D32C006BBF41 /* Sources */,
				C3C6EB4929C8D32C006BBF41 /* Frameworks */,
				C3C6EB4A29C8D32C006BBF41 /* Resources */,
			);
			buildRules = (
			);
			dependencies = (
				C3C6EB4E29C8D32C006BBF41 /* PBXTargetDependency */,
			);
			name = MyTwitterTests;
			productName = MyTwitterTests;
			productReference = C3C6EB4C29C8D32C006BBF41 /* MyTwitterTests.xctest */;
			productType = "com.apple.product-type.bundle.unit-test";
		};
		C3C6EB5529C8D32C006BBF41 /* MyTwitterUITests */ = {
			isa = PBXNativeTarget;
			buildConfigurationList = C3C6EB6629C8D32C006BBF41 /* Build configuration list for PBXNativeTarget "MyTwitterUITests" */;
			buildPhases = (
				C3C6EB5229C8D32C006BBF41 /* Sources */,
				C3C6EB5329C8D32C006BBF41 /* Frameworks */,
				C3C6EB5429C8D32C006BBF41 /* Resources */,
			);
			buildRules = (
			);
			dependencies = (
				C3C6EB5829C8D32C006BBF41 /* PBXTargetDependency */,
			);
			name = MyTwitterUITests;
			productName = MyTwitterUITests;
			productReference = C3C6EB5629C8D32C006BBF41 /* MyTwitterUITests.xctest */;
			productType = "com.apple.product-type.bundle.ui-testing";
		};
/* End PBXNativeTarget section */

/* Begin PBXProject section */
		C3C6EB3429C8D32A006BBF41 /* Project object */ = {
			isa = PBXProject;
			attributes = {
				BuildIndependentTargetsInParallel = 1;
				LastSwiftUpdateCheck = 1420;
				LastUpgradeCheck = 1420;
				TargetAttributes = {
					C3C6EB3B29C8D32A006BBF41 = {
						CreatedOnToolsVersion = 14.2;
					};
					C3C6EB4B29C8D32C006BBF41 = {
						CreatedOnToolsVersion = 14.2;
						TestTargetID = C3C6EB3B29C8D32A006BBF41;
					};
					C3C6EB5529C8D32C006BBF41 = {
						CreatedOnToolsVersion = 14.2;
						TestTargetID = C3C6EB3B29C8D32A006BBF41;
					};
				};
			};
			buildConfigurationList = C3C6EB3729C8D32A006BBF41 /* Build configuration list for PBXProject "MyTwitter" */;
			compatibilityVersion = "Xcode 14.0";
			developmentRegion = en;
			hasScannedForEncodings = 0;
			knownRegions = (
				en,
				Base,
			);
			mainGroup = C3C6EB3329C8D32A006BBF41;
			productRefGroup = C3C6EB3D29C8D32A006BBF41 /* Products */;
			projectDirPath = "";
			projectRoot = "";
			targets = (
				C3C6EB3B29C8D32A006BBF41 /* MyTwitter */,
				C3C6EB4B29C8D32C006BBF41 /* MyTwitterTests */,
				C3C6EB5529C8D32C006BBF41 /* MyTwitterUITests */,
			);
		};
/* End PBXProject section */

/* Begin PBXResourcesBuildPhase section */
		C3C6EB3A29C8D32A006BBF41 /* Resources */ = {
			isa = PBXResourcesBuildPhase;
			buildActionMask = 2147483647;
			files = (
				C3C6EB4729C8D32C006BBF41 /* Preview Assets.xcassets in Resources */,
				C3C6EB4429C8D32C006BBF41 /* Assets.xcassets in Resources */,
			);
			runOnlyForDeploymentPostprocessing = 0;
		};
		C3C6EB4A29C8D32C006BBF41 /* Resources */ = {
			isa = PBXResourcesBuildPhase;
			buildActionMask = 2147483647;
			files = (
			);
			runOnlyForDeploymentPostprocessing = 0;
		};
		C3C6EB5429C8D32C006BBF41 /* Resources */ = {
			isa = PBXResourcesBuildPhase;
			buildActionMask = 2147483647;
			files = (
			);
			runOnlyForDeploymentPostprocessing = 0;
		};
/* End PBXResourcesBuildPhase section */

/* Begin PBXSourcesBuildPhase section */
		C3C6EB3829C8D32A006BBF41 /* Sources */ = {
			isa = PBXSourcesBuildPhase;
			buildActionMask = 2147483647;
			files = (
				C3C6EB6A29C8D36A006BBF41 /* SideMenuView.swift in Sources */,
				C3C6EBE429C8FA88006BBF41 /* TimelineData.swift in Sources */,
				C3C6EB6E29C8D5AA006BBF41 /* MainView.swift in Sources */,
				C3C6EBE229C8F2F0006BBF41 /* TimelineViewBottom.swift in Sources */,
				C3C6EB4229C8D32A006BBF41 /* ContentView.swift in Sources */,
				C3C6EB7029C8D5FC006BBF41 /* TimelineView.swift in Sources */,
				C3C6EB4029C8D32A006BBF41 /* MyTwitterApp.swift in Sources */,
			);
			runOnlyForDeploymentPostprocessing = 0;
		};
		C3C6EB4829C8D32C006BBF41 /* Sources */ = {
			isa = PBXSourcesBuildPhase;
			buildActionMask = 2147483647;
			files = (
				C3C6EB5129C8D32C006BBF41 /* MyTwitterTests.swift in Sources */,
			);
			runOnlyForDeploymentPostprocessing = 0;
		};
		C3C6EB5229C8D32C006BBF41 /* Sources */ = {
			isa = PBXSourcesBuildPhase;
			buildActionMask = 2147483647;
			files = (
				C3C6EB5D29C8D32C006BBF41 /* MyTwitterUITestsLaunchTests.swift in Sources */,
				C3C6EB5B29C8D32C006BBF41 /* MyTwitterUITests.swift in Sources */,
			);
			runOnlyForDeploymentPostprocessing = 0;
		};
/* End PBXSourcesBuildPhase section */

/* Begin PBXTargetDependency section */
		C3C6EB4E29C8D32C006BBF41 /* PBXTargetDependency */ = {
			isa = PBXTargetDependency;
			target = C3C6EB3B29C8D32A006BBF41 /* MyTwitter */;
			targetProxy = C3C6EB4D29C8D32C006BBF41 /* PBXContainerItemProxy */;
		};
		C3C6EB5829C8D32C006BBF41 /* PBXTargetDependency */ = {
			isa = PBXTargetDependency;
			target = C3C6EB3B29C8D32A006BBF41 /* MyTwitter */;
			targetProxy = C3C6EB5729C8D32C006BBF41 /* PBXContainerItemProxy */;
		};
/* End PBXTargetDependency section */

/* Begin XCBuildConfiguration section */
		C3C6EB5E29C8D32C006BBF41 /* Debug */ = {
			isa = XCBuildConfiguration;
			buildSettings = {
				ALWAYS_SEARCH_USER_PATHS = NO;
				CLANG_ANALYZER_NONNULL = YES;
				CLANG_ANALYZER_NUMBER_OBJECT_CONVERSION = YES_AGGRESSIVE;
				CLANG_CXX_LANGUAGE_STANDARD = "gnu++20";
				CLANG_ENABLE_MODULES = YES;
				CLANG_ENABLE_OBJC_ARC = YES;
				CLANG_ENABLE_OBJC_WEAK = YES;
				CLANG_WARN_BLOCK_CAPTURE_AUTORELEASING = YES;
				CLANG_WARN_BOOL_CONVERSION = YES;
				CLANG_WARN_COMMA = YES;
				CLANG_WARN_CONSTANT_CONVERSION = YES;
				CLANG_WARN_DEPRECATED_OBJC_IMPLEMENTATIONS = YES;
				CLANG_WARN_DIRECT_OBJC_ISA_USAGE = YES_ERROR;
				CLANG_WARN_DOCUMENTATION_COMMENTS = YES;
				CLANG_WARN_EMPTY_BODY = YES;
				CLANG_WARN_ENUM_CONVERSION = YES;
				CLANG_WARN_INFINITE_RECURSION = YES;
				CLANG_WARN_INT_CONVERSION = YES;
				CLANG_WARN_NON_LITERAL_NULL_CONVERSION = YES;
				CLANG_WARN_OBJC_IMPLICIT_RETAIN_SELF = YES;
				CLANG_WARN_OBJC_LITERAL_CONVERSION = YES;
				CLANG_WARN_OBJC_ROOT_CLASS = YES_ERROR;
				CLANG_WARN_QUOTED_INCLUDE_IN_FRAMEWORK_HEADER = YES;
				CLANG_WARN_RANGE_LOOP_ANALYSIS = YES;
				CLANG_WARN_STRICT_PROTOTYPES = YES;
				CLANG_WARN_SUSPICIOUS_MOVE = YES;
				CLANG_WARN_UNGUARDED_AVAILABILITY = YES_AGGRESSIVE;
				CLANG_WARN_UNREACHABLE_CODE = YES;
				CLANG_WARN__DUPLICATE_METHOD_MATCH = YES;
				COPY_PHASE_STRIP = NO;
				DEBUG_INFORMATION_FORMAT = dwarf;
				ENABLE_STRICT_OBJC_MSGSEND = YES;
				ENABLE_TESTABILITY = YES;
				GCC_C_LANGUAGE_STANDARD = gnu11;
				GCC_DYNAMIC_NO_PIC = NO;
				GCC_NO_COMMON_BLOCKS = YES;
				GCC_OPTIMIZATION_LEVEL = 0;
				GCC_PREPROCESSOR_DEFINITIONS = (
					"DEBUG=1",
					"$(inherited)",
				);
				GCC_WARN_64_TO_32_BIT_CONVERSION = YES;
				GCC_WARN_ABOUT_RETURN_TYPE = YES_ERROR;
				GCC_WARN_UNDECLARED_SELECTOR = YES;
				GCC_WARN_UNINITIALIZED_AUTOS = YES_AGGRESSIVE;
				GCC_WARN_UNUSED_FUNCTION = YES;
				GCC_WARN_UNUSED_VARIABLE = YES;
				IPHONEOS_DEPLOYMENT_TARGET = 16.2;
				MTL_ENABLE_DEBUG_INFO = INCLUDE_SOURCE;
				MTL_FAST_MATH = YES;
				ONLY_ACTIVE_ARCH = YES;
				SDKROOT = iphoneos;
				SWIFT_ACTIVE_COMPILATION_CONDITIONS = DEBUG;
				SWIFT_OPTIMIZATION_LEVEL = "-Onone";
			};
			name = Debug;
		};
		C3C6EB5F29C8D32C006BBF41 /* Release */ = {
			isa = XCBuildConfiguration;
			buildSettings = {
				ALWAYS_SEARCH_USER_PATHS = NO;
				CLANG_ANALYZER_NONNULL = YES;
				CLANG_ANALYZER_NUMBER_OBJECT_CONVERSION = YES_AGGRESSIVE;
				CLANG_CXX_LANGUAGE_STANDARD = "gnu++20";
				CLANG_ENABLE_MODULES = YES;
				CLANG_ENABLE_OBJC_ARC = YES;
				CLANG_ENABLE_OBJC_WEAK = YES;
				CLANG_WARN_BLOCK_CAPTURE_AUTORELEASING = YES;
				CLANG_WARN_BOOL_CONVERSION = YES;
				CLANG_WARN_COMMA = YES;
				CLANG_WARN_CONSTANT_CONVERSION = YES;
				CLANG_WARN_DEPRECATED_OBJC_IMPLEMENTATIONS = YES;
				CLANG_WARN_DIRECT_OBJC_ISA_USAGE = YES_ERROR;
				CLANG_WARN_DOCUMENTATION_COMMENTS = YES;
				CLANG_WARN_EMPTY_BODY = YES;
				CLANG_WARN_ENUM_CONVERSION = YES;
				CLANG_WARN_INFINITE_RECURSION = YES;
				CLANG_WARN_INT_CONVERSION = YES;
				CLANG_WARN_NON_LITERAL_NULL_CONVERSION = YES;
				CLANG_WARN_OBJC_IMPLICIT_RETAIN_SELF = YES;
				CLANG_WARN_OBJC_LITERAL_CONVERSION = YES;
				CLANG_WARN_OBJC_ROOT_CLASS = YES_ERROR;
				CLANG_WARN_QUOTED_INCLUDE_IN_FRAMEWORK_HEADER = YES;
				CLANG_WARN_RANGE_LOOP_ANALYSIS = YES;
				CLANG_WARN_STRICT_PROTOTYPES = YES;
				CLANG_WARN_SUSPICIOUS_MOVE = YES;
				CLANG_WARN_UNGUARDED_AVAILABILITY = YES_AGGRESSIVE;
				CLANG_WARN_UNREACHABLE_CODE = YES;
				CLANG_WARN__DUPLICATE_METHOD_MATCH = YES;
				COPY_PHASE_STRIP = NO;
				DEBUG_INFORMATION_FORMAT = "dwarf-with-dsym";
				ENABLE_NS_ASSERTIONS = NO;
				ENABLE_STRICT_OBJC_MSGSEND = YES;
				GCC_C_LANGUAGE_STANDARD = gnu11;
				GCC_NO_COMMON_BLOCKS = YES;
				GCC_WARN_64_TO_32_BIT_CONVERSION = YES;
				GCC_WARN_ABOUT_RETURN_TYPE = YES_ERROR;
				GCC_WARN_UNDECLARED_SELECTOR = YES;
				GCC_WARN_UNINITIALIZED_AUTOS = YES_AGGRESSIVE;
				GCC_WARN_UNUSED_FUNCTION = YES;
				GCC_WARN_UNUSED_VARIABLE = YES;
				IPHONEOS_DEPLOYMENT_TARGET = 16.2;
				MTL_ENABLE_DEBUG_INFO = NO;
				MTL_FAST_MATH = YES;
				SDKROOT = iphoneos;
				SWIFT_COMPILATION_MODE = wholemodule;
				SWIFT_OPTIMIZATION_LEVEL = "-O";
				VALIDATE_PRODUCT = YES;
			};
			name = Release;
		};
		C3C6EB6129C8D32C006BBF41 /* Debug */ = {
			isa = XCBuildConfiguration;
			buildSettings = {
				ASSETCATALOG_COMPILER_APPICON_NAME = AppIcon;
				ASSETCATALOG_COMPILER_GLOBAL_ACCENT_COLOR_NAME = AccentColor;
				CODE_SIGN_STYLE = Automatic;
				CURRENT_PROJECT_VERSION = 1;
				DEVELOPMENT_ASSET_PATHS = "\"MyTwitter/Preview Content\"";
				ENABLE_PREVIEWS = YES;
				GENERATE_INFOPLIST_FILE = YES;
				INFOPLIST_KEY_UIApplicationSceneManifest_Generation = YES;
				INFOPLIST_KEY_UIApplicationSupportsIndirectInputEvents = YES;
				INFOPLIST_KEY_UILaunchScreen_Generation = YES;
				INFOPLIST_KEY_UISupportedInterfaceOrientations_iPad = "UIInterfaceOrientationPortrait UIInterfaceOrientationPortraitUpsideDown UIInterfaceOrientationLandscapeLeft UIInterfaceOrientationLandscapeRight";
				INFOPLIST_KEY_UISupportedInterfaceOrientations_iPhone = "UIInterfaceOrientationPortrait UIInterfaceOrientationLandscapeLeft UIInterfaceOrientationLandscapeRight";
				LD_RUNPATH_SEARCH_PATHS = (
					"$(inherited)",
					"@executable_path/Frameworks",
				);
				MARKETING_VERSION = 1.0;
				PRODUCT_BUNDLE_IDENTIFIER = "com.ravi-bukka.MyTwitter";
				PRODUCT_NAME = "$(TARGET_NAME)";
				SWIFT_EMIT_LOC_STRINGS = YES;
				SWIFT_VERSION = 5.0;
				TARGETED_DEVICE_FAMILY = "1,2";
			};
			name = Debug;
		};
		C3C6EB6229C8D32C006BBF41 /* Release */ = {
			isa = XCBuildConfiguration;
			buildSettings = {
				ASSETCATALOG_COMPILER_APPICON_NAME = AppIcon;
				ASSETCATALOG_COMPILER_GLOBAL_ACCENT_COLOR_NAME = AccentColor;
				CODE_SIGN_STYLE = Automatic;
				CURRENT_PROJECT_VERSION = 1;
				DEVELOPMENT_ASSET_PATHS = "\"MyTwitter/Preview Content\"";
				ENABLE_PREVIEWS = YES;
				GENERATE_INFOPLIST_FILE = YES;
				INFOPLIST_KEY_UIApplicationSceneManifest_Generation = YES;
				INFOPLIST_KEY_UIApplicationSupportsIndirectInputEvents = YES;
				INFOPLIST_KEY_UILaunchScreen_Generation = YES;
				INFOPLIST_KEY_UISupportedInterfaceOrientations_iPad = "UIInterfaceOrientationPortrait UIInterfaceOrientationPortraitUpsideDown UIInterfaceOrientationLandscapeLeft UIInterfaceOrientationLandscapeRight";
				INFOPLIST_KEY_UISupportedInterfaceOrientations_iPhone = "UIInterfaceOrientationPortrait UIInterfaceOrientationLandscapeLeft UIInterfaceOrientationLandscapeRight";
				LD_RUNPATH_SEARCH_PATHS = (
					"$(inherited)",
					"@executable_path/Frameworks",
				);
				MARKETING_VERSION = 1.0;
				PRODUCT_BUNDLE_IDENTIFIER = "com.ravi-bukka.MyTwitter";
				PRODUCT_NAME = "$(TARGET_NAME)";
				SWIFT_EMIT_LOC_STRINGS = YES;
				SWIFT_VERSION = 5.0;
				TARGETED_DEVICE_FAMILY = "1,2";
			};
			name = Release;
		};
		C3C6EB6429C8D32C006BBF41 /* Debug */ = {
			isa = XCBuildConfiguration;
			buildSettings = {
				ALWAYS_EMBED_SWIFT_STANDARD_LIBRARIES = YES;
				BUNDLE_LOADER = "$(TEST_HOST)";
				CODE_SIGN_STYLE = Automatic;
				CURRENT_PROJECT_VERSION = 1;
				GENERATE_INFOPLIST_FILE = YES;
				IPHONEOS_DEPLOYMENT_TARGET = 16.2;
				MARKETING_VERSION = 1.0;
				PRODUCT_BUNDLE_IDENTIFIER = "com.ravi-bukka.MyTwitterTests";
				PRODUCT_NAME = "$(TARGET_NAME)";
				SWIFT_EMIT_LOC_STRINGS = NO;
				SWIFT_VERSION = 5.0;
				TARGETED_DEVICE_FAMILY = "1,2";
				TEST_HOST = "$(BUILT_PRODUCTS_DIR)/MyTwitter.app/$(BUNDLE_EXECUTABLE_FOLDER_PATH)/MyTwitter";
			};
			name = Debug;
		};
		C3C6EB6529C8D32C006BBF41 /* Release */ = {
			isa = XCBuildConfiguration;
			buildSettings = {
				ALWAYS_EMBED_SWIFT_STANDARD_LIBRARIES = YES;
				BUNDLE_LOADER = "$(TEST_HOST)";
				CODE_SIGN_STYLE = Automatic;
				CURRENT_PROJECT_VERSION = 1;
				GENERATE_INFOPLIST_FILE = YES;
				IPHONEOS_DEPLOYMENT_TARGET = 16.2;
				MARKETING_VERSION = 1.0;
				PRODUCT_BUNDLE_IDENTIFIER = "com.ravi-bukka.MyTwitterTests";
				PRODUCT_NAME = "$(TARGET_NAME)";
				SWIFT_EMIT_LOC_STRINGS = NO;
				SWIFT_VERSION = 5.0;
				TARGETED_DEVICE_FAMILY = "1,2";
				TEST_HOST = "$(BUILT_PRODUCTS_DIR)/MyTwitter.app/$(BUNDLE_EXECUTABLE_FOLDER_PATH)/MyTwitter";
			};
			name = Release;
		};
		C3C6EB6729C8D32C006BBF41 /* Debug */ = {
			isa = XCBuildConfiguration;
			buildSettings = {
				ALWAYS_EMBED_SWIFT_STANDARD_LIBRARIES = YES;
				CODE_SIGN_STYLE = Automatic;
				CURRENT_PROJECT_VERSION = 1;
				GENERATE_INFOPLIST_FILE = YES;
				MARKETING_VERSION = 1.0;
				PRODUCT_BUNDLE_IDENTIFIER = "com.ravi-bukka.MyTwitterUITests";
				PRODUCT_NAME = "$(TARGET_NAME)";
				SWIFT_EMIT_LOC_STRINGS = NO;
				SWIFT_VERSION = 5.0;
				TARGETED_DEVICE_FAMILY = "1,2";
				TEST_TARGET_NAME = MyTwitter;
			};
			name = Debug;
		};
		C3C6EB6829C8D32C006BBF41 /* Release */ = {
			isa = XCBuildConfiguration;
			buildSettings = {
				ALWAYS_EMBED_SWIFT_STANDARD_LIBRARIES = YES;
				CODE_SIGN_STYLE = Automatic;
				CURRENT_PROJECT_VERSION = 1;
				GENERATE_INFOPLIST_FILE = YES;
				MARKETING_VERSION = 1.0;
				PRODUCT_BUNDLE_IDENTIFIER = "com.ravi-bukka.MyTwitterUITests";
				PRODUCT_NAME = "$(TARGET_NAME)";
				SWIFT_EMIT_LOC_STRINGS = NO;
				SWIFT_VERSION = 5.0;
				TARGETED_DEVICE_FAMILY = "1,2";
				TEST_TARGET_NAME = MyTwitter;
			};
			name = Release;
		};
/* End XCBuildConfiguration section */

/* Begin XCConfigurationList section */
		C3C6EB3729C8D32A006BBF41 /* Build configuration list for PBXProject "MyTwitter" */ = {
			isa = XCConfigurationList;
			buildConfigurations = (
				C3C6EB5E29C8D32C006BBF41 /* Debug */,
				C3C6EB5F29C8D32C006BBF41 /* Release */,
			);
			defaultConfigurationIsVisible = 0;
			defaultConfigurationName = Release;
		};
		C3C6EB6029C8D32C006BBF41 /* Build configuration list for PBXNativeTarget "MyTwitter" */ = {
			isa = XCConfigurationList;
			buildConfigurations = (
				C3C6EB6129C8D32C006BBF41 /* Debug */,
				C3C6EB6229C8D32C006BBF41 /* Release */,
			);
			defaultConfigurationIsVisible = 0;
			defaultConfigurationName = Release;
		};
		C3C6EB6329C8D32C006BBF41 /* Build configuration list for PBXNativeTarget "MyTwitterTests" */ = {
			isa = XCConfigurationList;
			buildConfigurations = (
				C3C6EB6429C8D32C006BBF41 /* Debug */,
				C3C6EB6529C8D32C006BBF41 /* Release */,
			);
			defaultConfigurationIsVisible = 0;
			defaultConfigurationName = Release;
		};
		C3C6EB6629C8D32C006BBF41 /* Build configuration list for PBXNativeTarget "MyTwitterUITests" */ = {
			isa = XCConfigurationList;
			buildConfigurations = (
				C3C6EB6729C8D32C006BBF41 /* Debug */,
				C3C6EB6829C8D32C006BBF41 /* Release */,
			);
			defaultConfigurationIsVisible = 0;
			defaultConfigurationName = Release;
		};
/* End XCConfigurationList section */
	};
	rootObject = C3C6EB3429C8D32A006BBF41 /* Project object */;
}
